
Microsoft Visual Studio Solution File, Format Version 12.00
# Visual Studio 14
VisualStudioVersion = 14.0.25123.0
MinimumVisualStudioVersion = 10.0.40219.1
Project("{FAE04EC0-301F-11D3-BF4B-00C04F79EFBC}") = "MindBox_preTest", "MindBox_preTest\MindBox_preTest.csproj", "{BFE1FD87-769C-419F-B35B-64B2487435E5}"
EndProject
Project("{FAE04EC0-301F-11D3-BF4B-00C04F79EFBC}") = "UnitTests", "UnitTests\UnitTests.csproj", "{49670D97-476A-4695-9924-6038938FBD08}"
	ProjectSection(ProjectDependencies) = postProject
		{BFE1FD87-769C-419F-B35B-64B2487435E5} = {BFE1FD87-769C-419F-B35B-64B2487435E5}
	EndProjectSection
EndProject
Global
	GlobalSection(SolutionConfigurationPlatforms) = preSolution
		Debug|Any CPU = Debug|Any CPU
		Release|Any CPU = Release|Any CPU
	EndGlobalSection
	GlobalSection(ProjectConfigurationPlatforms) = postSolution
		{BFE1FD87-769C-419F-B35B-64B2487435E5}.Debug|Any CPU.ActiveCfg = Debug|Any CPU
		{BFE1FD87-769C-419F-B35B-64B2487435E5}.Debug|Any CPU.Build.0 = Debug|Any CPU
		{BFE1FD87-769C-419F-B35B-64B2487435E5}.Release|Any CPU.ActiveCfg = Release|Any CPU
		{BFE1FD87-769C-419F-B35B-64B2487435E5}.Release|Any CPU.Build.0 = Release|Any CPU
		{49670D97-476A-4695-9924-6038938FBD08}.Debug|Any CPU.ActiveCfg = Debug|Any CPU
		{49670D97-476A-4695-9924-6038938FBD08}.Release|Any CPU.ActiveCfg = Release|Any CPU
		{49670D97-476A-4695-9924-6038938FBD08}.Release|Any CPU.Build.0 = Release|Any CPU
	EndGlobalSection
	GlobalSection(SolutionProperties) = preSolution
		HideSolutionNode = FALSE
	EndGlobalSection
EndGlobal
